
Microsoft Visual Studio Solution File, Format Version 12.00
# Visual Studio Version 16
VisualStudioVersion = 16.0.28803.156
MinimumVisualStudioVersion = 10.0.40219.1
Project("{2150E333-8FDC-42A3-9474-1A3956D46DE8}") = "Example", "Example", "{E8EDF8A0-BB37-4AC3-9DAE-72ACC86A8F12}"
EndProject
Project("{9A19103F-16F7-4668-BE54-9A1E7A4F7556}") = "Example.Module", "Source\Example\Module\UI\Example.Module.csproj", "{07EADFA4-96DC-43BC-892A-4B118FF56B5C}"
EndProject
Project("{9A19103F-16F7-4668-BE54-9A1E7A4F7556}") = "Example.Module.UnitTests", "Source\Example\Module\Tests\Example.Module.UnitTests.csproj", "{DCDB57E9-2B44-470A-8BF6-D97ED6DA2875}"
EndProject
Project("{2150E333-8FDC-42A3-9474-1A3956D46DE8}") = "Modules", "Modules", "{0F2A9115-5F32-4EB4-96A6-D301ACD21FDF}"
EndProject
Global
	GlobalSection(SolutionConfigurationPlatforms) = preSolution
		Debug|Android-Any CPU = Debug|Android-Any CPU
		Debug|Any CPU = Debug|Any CPU
		Debug|iPhone = Debug|iPhone
		Debug|iPhoneSimulator = Debug|iPhoneSimulator
		Debug|Tests = Debug|Tests
		Debug|UWP-x64 = Debug|UWP-x64
		Release|Android-Any CPU = Release|Android-Any CPU
		Release|Any CPU = Release|Any CPU
		Release|iPhone = Release|iPhone
		Release|iPhoneSimulator = Release|iPhoneSimulator
		Release|Tests = Release|Tests
		Release|UWP-x64 = Release|UWP-x64
	EndGlobalSection
	GlobalSection(ProjectConfigurationPlatforms) = postSolution
		{07EADFA4-96DC-43BC-892A-4B118FF56B5C}.Debug|Android-Any CPU.ActiveCfg = Debug|Any CPU
		{07EADFA4-96DC-43BC-892A-4B118FF56B5C}.Debug|Android-Any CPU.Build.0 = Debug|Any CPU
		{07EADFA4-96DC-43BC-892A-4B118FF56B5C}.Debug|Any CPU.ActiveCfg = Debug|Any CPU
		{07EADFA4-96DC-43BC-892A-4B118FF56B5C}.Debug|Any CPU.Build.0 = Debug|Any CPU
		{07EADFA4-96DC-43BC-892A-4B118FF56B5C}.Debug|iPhone.ActiveCfg = Debug|Any CPU
		{07EADFA4-96DC-43BC-892A-4B118FF56B5C}.Debug|iPhone.Build.0 = Debug|Any CPU
		{07EADFA4-96DC-43BC-892A-4B118FF56B5C}.Debug|iPhoneSimulator.ActiveCfg = Debug|Any CPU
		{07EADFA4-96DC-43BC-892A-4B118FF56B5C}.Debug|iPhoneSimulator.Build.0 = Debug|Any CPU
		{07EADFA4-96DC-43BC-892A-4B118FF56B5C}.Debug|Tests.ActiveCfg = Debug|Any CPU
		{07EADFA4-96DC-43BC-892A-4B118FF56B5C}.Debug|Tests.Build.0 = Debug|Any CPU
		{07EADFA4-96DC-43BC-892A-4B118FF56B5C}.Debug|UWP-x64.ActiveCfg = Debug|Any CPU
		{07EADFA4-96DC-43BC-892A-4B118FF56B5C}.Debug|UWP-x64.Build.0 = Debug|Any CPU
		{07EADFA4-96DC-43BC-892A-4B118FF56B5C}.Release|Android-Any CPU.ActiveCfg = Release|Any CPU
		{07EADFA4-96DC-43BC-892A-4B118FF56B5C}.Release|Android-Any CPU.Build.0 = Release|Any CPU
		{07EADFA4-96DC-43BC-892A-4B118FF56B5C}.Release|Any CPU.ActiveCfg = Release|Any CPU
		{07EADFA4-96DC-43BC-892A-4B118FF56B5C}.Release|Any CPU.Build.0 = Release|Any CPU
		{07EADFA4-96DC-43BC-892A-4B118FF56B5C}.Release|iPhone.ActiveCfg = Release|Any CPU
		{07EADFA4-96DC-43BC-892A-4B118FF56B5C}.Release|iPhone.Build.0 = Release|Any CPU
		{07EADFA4-96DC-43BC-892A-4B118FF56B5C}.Release|iPhoneSimulator.ActiveCfg = Release|Any CPU
		{07EADFA4-96DC-43BC-892A-4B118FF56B5C}.Release|iPhoneSimulator.Build.0 = Release|Any CPU
		{07EADFA4-96DC-43BC-892A-4B118FF56B5C}.Release|Tests.ActiveCfg = Release|Any CPU
		{07EADFA4-96DC-43BC-892A-4B118FF56B5C}.Release|Tests.Build.0 = Release|Any CPU
		{07EADFA4-96DC-43BC-892A-4B118FF56B5C}.Release|UWP-x64.ActiveCfg = Release|Any CPU
		{07EADFA4-96DC-43BC-892A-4B118FF56B5C}.Release|UWP-x64.Build.0 = Release|Any CPU
		{DCDB57E9-2B44-470A-8BF6-D97ED6DA2875}.Debug|Android-Any CPU.ActiveCfg = Debug|Any CPU
		{DCDB57E9-2B44-470A-8BF6-D97ED6DA2875}.Debug|Android-Any CPU.Build.0 = Debug|Any CPU
		{DCDB57E9-2B44-470A-8BF6-D97ED6DA2875}.Debug|Any CPU.ActiveCfg = Debug|Any CPU
		{DCDB57E9-2B44-470A-8BF6-D97ED6DA2875}.Debug|Any CPU.Build.0 = Debug|Any CPU
		{DCDB57E9-2B44-470A-8BF6-D97ED6DA2875}.Debug|iPhone.ActiveCfg = Debug|Any CPU
		{DCDB57E9-2B44-470A-8BF6-D97ED6DA2875}.Debug|iPhone.Build.0 = Debug|Any CPU
		{DCDB57E9-2B44-470A-8BF6-D97ED6DA2875}.Debug|iPhoneSimulator.ActiveCfg = Debug|Any CPU
		{DCDB57E9-2B44-470A-8BF6-D97ED6DA2875}.Debug|iPhoneSimulator.Build.0 = Debug|Any CPU
		{DCDB57E9-2B44-470A-8BF6-D97ED6DA2875}.Debug|Tests.ActiveCfg = Debug|Any CPU
		{DCDB57E9-2B44-470A-8BF6-D97ED6DA2875}.Debug|Tests.Build.0 = Debug|Any CPU
		{DCDB57E9-2B44-470A-8BF6-D97ED6DA2875}.Debug|UWP-x64.ActiveCfg = Debug|Any CPU
		{DCDB57E9-2B44-470A-8BF6-D97ED6DA2875}.Debug|UWP-x64.Build.0 = Debug|Any CPU
		{DCDB57E9-2B44-470A-8BF6-D97ED6DA2875}.Release|Android-Any CPU.ActiveCfg = Release|Any CPU
		{DCDB57E9-2B44-470A-8BF6-D97ED6DA2875}.Release|Android-Any CPU.Build.0 = Release|Any CPU
		{DCDB57E9-2B44-470A-8BF6-D97ED6DA2875}.Release|Any CPU.ActiveCfg = Release|Any CPU
		{DCDB57E9-2B44-470A-8BF6-D97ED6DA2875}.Release|Any CPU.Build.0 = Release|Any CPU
		{DCDB57E9-2B44-470A-8BF6-D97ED6DA2875}.Release|iPhone.ActiveCfg = Release|Any CPU
		{DCDB57E9-2B44-470A-8BF6-D97ED6DA2875}.Release|iPhone.Build.0 = Release|Any CPU
		{DCDB57E9-2B44-470A-8BF6-D97ED6DA2875}.Release|iPhoneSimulator.ActiveCfg = Release|Any CPU
		{DCDB57E9-2B44-470A-8BF6-D97ED6DA2875}.Release|iPhoneSimulator.Build.0 = Release|Any CPU
		{DCDB57E9-2B44-470A-8BF6-D97ED6DA2875}.Release|Tests.ActiveCfg = Release|Any CPU
		{DCDB57E9-2B44-470A-8BF6-D97ED6DA2875}.Release|Tests.Build.0 = Release|Any CPU
		{DCDB57E9-2B44-470A-8BF6-D97ED6DA2875}.Release|UWP-x64.ActiveCfg = Release|Any CPU
		{DCDB57E9-2B44-470A-8BF6-D97ED6DA2875}.Release|UWP-x64.Build.0 = Release|Any CPU
	EndGlobalSection
	GlobalSection(SolutionProperties) = preSolution
		HideSolutionNode = FALSE
	EndGlobalSection
	GlobalSection(NestedProjects) = preSolution
		{E8EDF8A0-BB37-4AC3-9DAE-72ACC86A8F12} = {0F2A9115-5F32-4EB4-96A6-D301ACD21FDF}
		{07EADFA4-96DC-43BC-892A-4B118FF56B5C} = {E8EDF8A0-BB37-4AC3-9DAE-72ACC86A8F12}
		{DCDB57E9-2B44-470A-8BF6-D97ED6DA2875} = {E8EDF8A0-BB37-4AC3-9DAE-72ACC86A8F12}
	EndGlobalSection
	GlobalSection(ExtensibilityGlobals) = postSolution
		SolutionGuid = {4BCDEC87-300E-4CCE-8D5B-F2A7EBD3CDBC}
	EndGlobalSection
EndGlobal
